# This file is autogenerated, do not edit; changes may be undone by the next 'dep ensure'.


[[projects]]
  name = "github.com/Financial-Times/transactionid-utils-go"
  packages = ["."]
  revision = "df2f00c734957c9dd651ce23ab0e0902504c7636"
  version = "v0.2.0"

[[projects]]
  name = "github.com/davecgh/go-spew"
  packages = ["spew"]
  revision = "adab96458c51a58dc1783b3335dcce5461522e75"

[[projects]]
  name = "github.com/pmezard/go-difflib"
  packages = ["difflib"]
  revision = "792786c7400a136282c1664665ae0a8db921c6c2"
  version = "v1.0.0"

[[projects]]
  name = "github.com/rcrowley/go-metrics"
  packages = ["."]
  revision = "1f30fe9094a513ce4c700b9a54458bbb0c96996c"

[[projects]]
  name = "github.com/sirupsen/logrus"
  packages = ["."]
  revision = "a3f95b5c423586578a4e099b11a46c2479628cac"
  version = "1.0.2"

[[projects]]
  name = "github.com/stretchr/testify"
  packages = ["assert"]
  revision = "69483b4bd14f5845b5a1e55bca19e954e827f1d0"
  version = "v1.1.4"

[[projects]]
  name = "golang.org/x/net"
  packages = ["context"]
  revision = "b3756b4b77d7b13260a0a2ec658753cf48922eac"

[[projects]]
  name = "golang.org/x/sys"
  packages = ["unix"]
  revision = "4cd6d1a821c7175768725b55ca82f14683a29ea4"

[solve-meta]
  analyzer-name = "dep"
  analyzer-version = 1
  inputs-digest = "c253ce02275b581a57188eb69fdc28cc5f6370945cc2d4ab4d9a6e9bf290cdd4"
  solver-name = "gps-cdcl"
  solver-version = 1
